<?xml version="1.0" encoding="utf-8"?>
<Project ToolsVersion="4.0" xmlns="http://schemas.microsoft.com/developer/msbuild/2003">
  <ItemGroup>
    <Filter Include="Source Files">
      <UniqueIdentifier>{4FC737F1-C7A5-4376-A066-2A32D752A2FF}</UniqueIdentifier>
      <Extensions>cpp;c;cc;cxx;def;odl;idl;hpj;bat;asm;asmx</Extensions>
    </Filter>
    <Filter Include="Header Files">
      <UniqueIdentifier>{93995380-89BD-4b04-88EB-625FBE52EBFB}</UniqueIdentifier>
      <Extensions>h;hh;hpp;hxx;hm;inl;inc;ipp;xsd</Extensions>
    </Filter>
    <Filter Include="Resource Files">
      <UniqueIdentifier>{67DA6AB6-F800-4c08-8B7A-83BB121AAD01}</UniqueIdentifier>
      <Extensions>rc;ico;cur;bmp;dlg;rc2;rct;bin;rgs;gif;jpg;jpeg;jpe;resx;tiff;tif;png;wav;mfcribbon-ms</Extensions>
    </Filter>
    <Filter Include="Source Files\Programs">
      <UniqueIdentifier>{5cebf5da-00fc-40dc-b5d9-a3a45d842954}</UniqueIdentifier>
    </Filter>
    <Filter Include="Source Files\Programs\cyClasses">
      <UniqueIdentifier>{65bfb2b5-2e78-4d0c-b062-c1a6e71b9665}</UniqueIdentifier>
    </Filter>
    <Filter Include="Source Files\Data">
      <UniqueIdentifier>{620b83b0-7aa8-475e-854a-850f3acfe3a4}</UniqueIdentifier>
    </Filter>
    <Filter Include="Source Files\Data\Shaders">
      <UniqueIdentifier>{4e263a27-45bd-4b32-a782-21d26fa7b69a}</UniqueIdentifier>
    </Filter>
    <Filter Include="Source Files\Programs\SceneObjects">
      <UniqueIdentifier>{2b1ee7c1-7865-41d4-8773-2797fd62086a}</UniqueIdentifier>
    </Filter>
    <Filter Include="Source Files\Programs\Helpers">
      <UniqueIdentifier>{dca28641-09bd-41e0-8732-4aa77e54e44b}</UniqueIdentifier>
    </Filter>
  </ItemGroup>
  <ItemGroup>
    <ClCompile Include="Main.cpp">
      <Filter>Source Files</Filter>
    </ClCompile>
    <ClCompile Include="viewport.cpp">
      <Filter>Source Files</Filter>
    </ClCompile>
  </ItemGroup>
  <ItemGroup>
    <None Include="Data\VertexShader.glsl">
      <Filter>Source Files\Data\Shaders</Filter>
    </None>
    <None Include="Data\FragmentShader.glsl">
      <Filter>Source Files\Data\Shaders</Filter>
    </None>
  </ItemGroup>
  <ItemGroup>
    <ClInclude Include="Programs\cyCore.h">
      <Filter>Source Files\Programs\cyClasses</Filter>
    </ClInclude>
    <ClInclude Include="Programs\cyPoint.h">
      <Filter>Source Files\Programs\cyClasses</Filter>
    </ClInclude>
    <ClInclude Include="Programs\cyTriMesh.h">
      <Filter>Source Files\Programs\cyClasses</Filter>
    </ClInclude>
    <ClInclude Include="Programs\cyVector.h">
      <Filter>Source Files\Programs\cyClasses</Filter>
    </ClInclude>
    <ClInclude Include="Programs\cyGL.h">
      <Filter>Source Files\Programs\cyClasses</Filter>
    </ClInclude>
    <ClInclude Include="Programs\cyMatrix.h">
      <Filter>Source Files\Programs\cyClasses</Filter>
    </ClInclude>
    <ClInclude Include="Programs\xwCamera.h">
      <Filter>Source Files\Programs\SceneObjects</Filter>
    </ClInclude>
    <ClInclude Include="Programs\xwLights.h">
      <Filter>Source Files\Programs\SceneObjects</Filter>
    </ClInclude>
    <ClInclude Include="Programs\xwHelper.h">
      <Filter>Source Files\Programs\Helpers</Filter>
    </ClInclude>
  </ItemGroup>
</Project>